
Microsoft Visual Studio Solution File, Format Version 12.00
# Visual Studio Version 17
VisualStudioVersion = 17.6.33815.320
MinimumVisualStudioVersion = 10.0.40219.1
Project("{FAE04EC0-301F-11D3-BF4B-00C04F79EFBC}") = "BIM.RevitCommand", "BIM.RevitCommand\BIM.RevitCommand.csproj", "{B7C4DF5E-726F-4B29-BFBA-2CBCEE33425F}"
EndProject
Global
	GlobalSection(SolutionConfigurationPlatforms) = preSolution
		Debug|Any CPU = Debug|Any CPU
		Release|Any CPU = Release|Any CPU
	EndGlobalSection
	GlobalSection(ProjectConfigurationPlatforms) = postSolution
		{B7C4DF5E-726F-4B29-BFBA-2CBCEE33425F}.Debug|Any CPU.ActiveCfg = Debug|Any CPU
		{B7C4DF5E-726F-4B29-BFBA-2CBCEE33425F}.Debug|Any CPU.Build.0 = Debug|Any CPU
		{B7C4DF5E-726F-4B29-BFBA-2CBCEE33425F}.Release|Any CPU.ActiveCfg = Release|Any CPU
		{B7C4DF5E-726F-4B29-BFBA-2CBCEE33425F}.Release|Any CPU.Build.0 = Release|Any CPU
	EndGlobalSection
	GlobalSection(SolutionProperties) = preSolution
		HideSolutionNode = FALSE
	EndGlobalSection
	GlobalSection(ExtensibilityGlobals) = postSolution
		SolutionGuid = {E009FB2C-5743-4947-9873-5612047A7A51}
	EndGlobalSection
EndGlobal
